{
  "name": "jingdong",
  "version": "1.0.0",
  "lockfileVersion": 2,
  "requires": true,
  "packages": {
    "": {
      "name": "jingdong",
      "version": "1.0.0",
      "license": "ISC",
      "dependencies": {
        "normalizecss": "^3.0.0"
      }
    },
    "node_modules/normalizecss": {
      "version": "3.0.0",
      "resolved": "https://registry.npmmirror.com/normalizecss/-/normalizecss-3.0.0.tgz",
      "integrity": "sha512-b4/p3rTV73tK0mCjCmdMudQXoOyNIPtMCbUeMXYHTtUiSkYNdW+u0Np2MW482cE5CzFbE1lldYNxRhFPOXrRUw=="
    }
  },
  "dependencies": {
    "normalizecss": {
      "version": "3.0.0",
      "resolved": "https://registry.npmmirror.com/normalizecss/-/normalizecss-3.0.0.tgz",
      "integrity": "sha512-b4/p3rTV73tK0mCjCmdMudQXoOyNIPtMCbUeMXYHTtUiSkYNdW+u0Np2MW482cE5CzFbE1lldYNxRhFPOXrRUw=="
    }
  }
}
